
Microsoft Visual Studio Solution File, Format Version 12.00
# Visual Studio Version 17
VisualStudioVersion = 17.11.35327.3
MinimumVisualStudioVersion = 10.0.40219.1
Project("{FAE04EC0-301F-11D3-BF4B-00C04F79EFBC}") = "Ejercicio6Tema4", "Ejercicio6Tema4\Ejercicio6Tema4.csproj", "{FF7E755B-7881-4753-A427-C8202F52A1C1}"
EndProject
Global
	GlobalSection(SolutionConfigurationPlatforms) = preSolution
		Debug|Any CPU = Debug|Any CPU
		Release|Any CPU = Release|Any CPU
	EndGlobalSection
	GlobalSection(ProjectConfigurationPlatforms) = postSolution
		{FF7E755B-7881-4753-A427-C8202F52A1C1}.Debug|Any CPU.ActiveCfg = Debug|Any CPU
		{FF7E755B-7881-4753-A427-C8202F52A1C1}.Debug|Any CPU.Build.0 = Debug|Any CPU
		{FF7E755B-7881-4753-A427-C8202F52A1C1}.Release|Any CPU.ActiveCfg = Release|Any CPU
		{FF7E755B-7881-4753-A427-C8202F52A1C1}.Release|Any CPU.Build.0 = Release|Any CPU
	EndGlobalSection
	GlobalSection(SolutionProperties) = preSolution
		HideSolutionNode = FALSE
	EndGlobalSection
	GlobalSection(ExtensibilityGlobals) = postSolution
		SolutionGuid = {24B951D2-9226-4CC0-8CC9-27DC8FD5DCE5}
	EndGlobalSection
EndGlobal
